lockfileVersion: '9.0'

settings:
  autoInstallPeers: true
  excludeLinksFromLockfile: false

importers:

  .:
    dependencies:
      motion:
        specifier: ^12.23.0
        version: 12.23.0

packages:

  framer-motion@12.23.0:
    resolution: {integrity: sha512-xf6NxTGAyf7zR4r2KlnhFmsRfKIbjqeBupEDBAaEtVIBJX96sAon00kMlsKButSIRwPSHjbRrAPnYdJJ9kyhbA==}
    peerDependencies:
      '@emotion/is-prop-valid': '*'
      react: ^18.0.0 || ^19.0.0
      react-dom: ^18.0.0 || ^19.0.0
    peerDependenciesMeta:
      '@emotion/is-prop-valid':
        optional: true
      react:
        optional: true
      react-dom:
        optional: true

  motion-dom@12.22.0:
    resolution: {integrity: sha512-ooH7+/BPw9gOsL9VtPhEJHE2m4ltnhMlcGMhEqA0YGNhKof7jdaszvsyThXI6LVIKshJUZ9/CP6HNqQhJfV7kw==}

  motion-utils@12.19.0:
    resolution: {integrity: sha512-BuFTHINYmV07pdWs6lj6aI63vr2N4dg0vR+td0rtrdpWOhBzIkEklZyLcvKBoEtwSqx8Jg06vUB5RS0xDiUybw==}

  motion@12.23.0:
    resolution: {integrity: sha512-PPNwblArRH9GRC4F3KtOTiIaYd+mtp324vYq3HIL+ueseoAVqPRK5TPFTAQBcIprfVd0NWo3DLzZSiyWaYFXXQ==}
    peerDependencies:
      '@emotion/is-prop-valid': '*'
      react: ^18.0.0 || ^19.0.0
      react-dom: ^18.0.0 || ^19.0.0
    peerDependenciesMeta:
      '@emotion/is-prop-valid':
        optional: true
      react:
        optional: true
      react-dom:
        optional: true

  tslib@2.8.1:
    resolution: {integrity: sha512-oJFu94HQb+KVduSUQL7wnpmqnfmLsOA/nAh6b6EH0wCEoK0/mPeXU6c3wKDV83MkOuHPRHtSXKKU99IBazS/2w==}

snapshots:

  framer-motion@12.23.0:
    dependencies:
      motion-dom: 12.22.0
      motion-utils: 12.19.0
      tslib: 2.8.1

  motion-dom@12.22.0:
    dependencies:
      motion-utils: 12.19.0

  motion-utils@12.19.0: {}

  motion@12.23.0:
    dependencies:
      framer-motion: 12.23.0
      tslib: 2.8.1

  tslib@2.8.1: {}
